Microsoft Visual Studio Solution File, Format Version 12.00
# Visual Studio Version 17
VisualStudioVersion = 17.13.35723.152
MinimumVisualStudioVersion = 10.0.40219.1
Project("{FAE04EC0-301F-11D3-BF4B-00C04F79EFBC}") = "MateM8.AppHost", "MateM8.AppHost\MateM8.AppHost.csproj", "{26B3BB02-6D3B-4D62-8C0E-2ED42B72EF92}"
EndProject
Project("{FAE04EC0-301F-11D3-BF4B-00C04F79EFBC}") = "MateM8.ServiceDefaults", "MateM8.ServiceDefaults\MateM8.ServiceDefaults.csproj", "{24CA2A9E-81C7-B655-A892-FC20C70D7DBF}"
EndProject
Project("{FAE04EC0-301F-11D3-BF4B-00C04F79EFBC}") = "MateM8.ApiService", "MateM8.ApiService\MateM8.ApiService.csproj", "{09852645-A8DC-7B86-472B-CB8962D3B82C}"
EndProject
Global
	GlobalSection(SolutionConfigurationPlatforms) = preSolution
		Debug|Any CPU = Debug|Any CPU
		Release|Any CPU = Release|Any CPU
	EndGlobalSection
	GlobalSection(ProjectConfigurationPlatforms) = postSolution
		{26B3BB02-6D3B-4D62-8C0E-2ED42B72EF92}.Debug|Any CPU.ActiveCfg = Debug|Any CPU
		{26B3BB02-6D3B-4D62-8C0E-2ED42B72EF92}.Debug|Any CPU.Build.0 = Debug|Any CPU
		{26B3BB02-6D3B-4D62-8C0E-2ED42B72EF92}.Release|Any CPU.ActiveCfg = Release|Any CPU
		{26B3BB02-6D3B-4D62-8C0E-2ED42B72EF92}.Release|Any CPU.Build.0 = Release|Any CPU
		{24CA2A9E-81C7-B655-A892-FC20C70D7DBF}.Debug|Any CPU.ActiveCfg = Debug|Any CPU
		{24CA2A9E-81C7-B655-A892-FC20C70D7DBF}.Debug|Any CPU.Build.0 = Debug|Any CPU
		{24CA2A9E-81C7-B655-A892-FC20C70D7DBF}.Release|Any CPU.ActiveCfg = Release|Any CPU
		{24CA2A9E-81C7-B655-A892-FC20C70D7DBF}.Release|Any CPU.Build.0 = Release|Any CPU
		{09852645-A8DC-7B86-472B-CB8962D3B82C}.Debug|Any CPU.ActiveCfg = Debug|Any CPU
		{09852645-A8DC-7B86-472B-CB8962D3B82C}.Debug|Any CPU.Build.0 = Debug|Any CPU
		{09852645-A8DC-7B86-472B-CB8962D3B82C}.Release|Any CPU.ActiveCfg = Release|Any CPU
		{09852645-A8DC-7B86-472B-CB8962D3B82C}.Release|Any CPU.Build.0 = Release|Any CPU
	EndGlobalSection
	GlobalSection(SolutionProperties) = preSolution
		HideSolutionNode = FALSE
	EndGlobalSection
	GlobalSection(ExtensibilityGlobals) = postSolution
		SolutionGuid = {5C3B2D8C-427E-4A98-A035-32D9E1603DF8}
	EndGlobalSection
EndGlobal
